# generated by rye
# use `rye lock` or `rye sync` to update this lockfile
#
# last locked with the following flags:
#   pre: false
#   features: []
#   all-features: false
#   with-sources: false

-e file:.
annotated-types==0.6.0
    # via pydantic
attrs==23.2.0
    # via cattrs
    # via lsprotocol
cattrs==23.2.3
    # via lsprotocol
    # via python-lsp-ruff
docstring-to-markdown==0.15
    # via python-lsp-server
jax==0.4.26
    # via jackal
jedi==0.19.1
    # via python-lsp-server
lsprotocol==2023.0.1
    # via python-lsp-ruff
markdown-it-py==3.0.0
    # via rich
mdurl==0.1.2
    # via markdown-it-py
ml-dtypes==0.4.0
    # via jax
numpy==1.26.4
    # via jax
    # via ml-dtypes
    # via opt-einsum
    # via scipy
opt-einsum==3.3.0
    # via jax
parso==0.8.4
    # via jedi
pluggy==1.4.0
    # via python-lsp-server
pydantic==2.6.4
    # via jackal
pydantic-core==2.16.3
    # via pydantic
pygments==2.17.2
    # via rich
python-lsp-jsonrpc==1.1.2
    # via python-lsp-server
python-lsp-ruff==2.2.0
python-lsp-server==1.11.0
    # via python-lsp-ruff
rich==13.7.1
    # via jackal
ruff==0.3.5
    # via python-lsp-ruff
scipy==1.13.0
    # via jax
typing-extensions==4.11.0
    # via pydantic
    # via pydantic-core
ujson==5.9.0
    # via python-lsp-jsonrpc
    # via python-lsp-server
